
Microsoft Visual Studio Solution File, Format Version 12.00
# Visual Studio Version 17
VisualStudioVersion = 17.8.34525.116
MinimumVisualStudioVersion = 10.0.40219.1
Project("{FAE04EC0-301F-11D3-BF4B-00C04F79EFBC}") = "pharmacy", "pharmacy\pharmacy.csproj", "{5E167914-F5E4-4D06-BAC1-201632527119}"
EndProject
Global
	GlobalSection(SolutionConfigurationPlatforms) = preSolution
		Debug|Any CPU = Debug|Any CPU
		Release|Any CPU = Release|Any CPU
	EndGlobalSection
	GlobalSection(ProjectConfigurationPlatforms) = postSolution
		{5E167914-F5E4-4D06-BAC1-201632527119}.Debug|Any CPU.ActiveCfg = Debug|Any CPU
		{5E167914-F5E4-4D06-BAC1-201632527119}.Debug|Any CPU.Build.0 = Debug|Any CPU
		{5E167914-F5E4-4D06-BAC1-201632527119}.Release|Any CPU.ActiveCfg = Release|Any CPU
		{5E167914-F5E4-4D06-BAC1-201632527119}.Release|Any CPU.Build.0 = Release|Any CPU
	EndGlobalSection
	GlobalSection(SolutionProperties) = preSolution
		HideSolutionNode = FALSE
	EndGlobalSection
	GlobalSection(ExtensibilityGlobals) = postSolution
		SolutionGuid = {84265C44-49B0-48ED-8E6B-A7C609D31E30}
	EndGlobalSection
EndGlobal
